
Microsoft Visual Studio Solution File, Format Version 12.00
# Visual Studio Version 16
VisualStudioVersion = 16.0.31702.278
MinimumVisualStudioVersion = 10.0.40219.1
Project("{2150E333-8FDC-42A3-9474-1A3956D46DE8}") = "Services", "Services", "{67898711-FBCD-4224-AE59-0CF5747F40F8}"
EndProject
Project("{2150E333-8FDC-42A3-9474-1A3956D46DE8}") = "Catalog", "Catalog", "{6E5473B4-36E1-4C21-959C-B027EC45C447}"
EndProject
Project("{9A19103F-16F7-4668-BE54-9A1E7A4F7556}") = "Catalog.API", "Services\Catalog\Catalog.API\Catalog.API.csproj", "{C82AE333-D44A-437F-A736-109E855D64B4}"
EndProject
Project("{2150E333-8FDC-42A3-9474-1A3956D46DE8}") = "WebUI", "WebUI", "{7958B694-537F-4399-B3C1-07C908741373}"
EndProject
Project("{2150E333-8FDC-42A3-9474-1A3956D46DE8}") = "Domain", "Domain", "{B3FD0EAE-C669-4374-B932-D741D635BB68}"
EndProject
Project("{9A19103F-16F7-4668-BE54-9A1E7A4F7556}") = "Domain", "Services\Catalog\Domain\Domain.csproj", "{3AA0433E-1B64-4D5C-808F-B09C738A7144}"
EndProject
Project("{9A19103F-16F7-4668-BE54-9A1E7A4F7556}") = "Application", "Services\Catalog\Application\Application.csproj", "{DB070A01-560F-4E83-854A-A1E4577A01A2}"
EndProject
Project("{9A19103F-16F7-4668-BE54-9A1E7A4F7556}") = "Infrastructure", "Services\Catalog\Infrastructure\Infrastructure.csproj", "{9812393D-B210-4B8B-A480-C1DF6F975BCC}"
EndProject
Project("{2150E333-8FDC-42A3-9474-1A3956D46DE8}") = "Basket", "Basket", "{2C9F9286-D772-4C4D-9637-4AE3EFBFF6A5}"
EndProject
Project("{9A19103F-16F7-4668-BE54-9A1E7A4F7556}") = "Basket.API", "Services\Basket\Basket.API\Basket.API.csproj", "{D1DECF68-CE4E-47DD-8C2F-27520FB86757}"
EndProject
Project("{9A19103F-16F7-4668-BE54-9A1E7A4F7556}") = "Basket.Core", "Services\Basket\Basket.Core\Basket.Core.csproj", "{188CDEEA-01ED-490D-B41C-37B9F6936F85}"
EndProject
Project("{9A19103F-16F7-4668-BE54-9A1E7A4F7556}") = "Basket.DataAccess", "Services\Basket\Basket.DataAccess\Basket.DataAccess.csproj", "{A54A8BF1-423C-4A5F-9184-17BFE809000E}"
EndProject
Project("{9A19103F-16F7-4668-BE54-9A1E7A4F7556}") = "Basket.Application", "Services\Basket\Basket.Application\Basket.Application.csproj", "{C33474E2-CB8F-4614-9BB4-A1DF49E96079}"
EndProject
Project("{2150E333-8FDC-42A3-9474-1A3956D46DE8}") = "Discount", "Discount", "{8F35037A-6D90-4D60-890A-1E45E2F35893}"
EndProject
Project("{9A19103F-16F7-4668-BE54-9A1E7A4F7556}") = "Discount.API", "Services\Discount\Discount.API\Discount.API.csproj", "{60E76314-7A28-4E7B-A62B-15E31A534BA6}"
EndProject
Project("{9A19103F-16F7-4668-BE54-9A1E7A4F7556}") = "Discount.Core", "Services\Discount\Discount.Core\Discount.Core.csproj", "{8C00055B-C73B-4B22-BC2A-E12ABD0C3BD6}"
EndProject
Project("{9A19103F-16F7-4668-BE54-9A1E7A4F7556}") = "Discount.Application", "Services\Discount\Discount.Application\Discount.Application.csproj", "{62CED7C9-A85C-4199-803F-68CD42E65093}"
EndProject
Project("{9A19103F-16F7-4668-BE54-9A1E7A4F7556}") = "Discount.DataAccess", "Services\Discount\Discount.DataAccess\Discount.DataAccess.csproj", "{53F42B12-B940-4B60-A940-90938521F96F}"
EndProject
Project("{9A19103F-16F7-4668-BE54-9A1E7A4F7556}") = "Discount.Grpc", "Services\Discount\Discount.Grpc\Discount.Grpc.csproj", "{00EC8EA3-CB6E-4C19-9A2A-8269235D4309}"
EndProject
Global
	GlobalSection(SolutionConfigurationPlatforms) = preSolution
		Debug|Any CPU = Debug|Any CPU
		Release|Any CPU = Release|Any CPU
	EndGlobalSection
	GlobalSection(ProjectConfigurationPlatforms) = postSolution
		{C82AE333-D44A-437F-A736-109E855D64B4}.Debug|Any CPU.ActiveCfg = Debug|Any CPU
		{C82AE333-D44A-437F-A736-109E855D64B4}.Debug|Any CPU.Build.0 = Debug|Any CPU
		{C82AE333-D44A-437F-A736-109E855D64B4}.Release|Any CPU.ActiveCfg = Release|Any CPU
		{C82AE333-D44A-437F-A736-109E855D64B4}.Release|Any CPU.Build.0 = Release|Any CPU
		{3AA0433E-1B64-4D5C-808F-B09C738A7144}.Debug|Any CPU.ActiveCfg = Debug|Any CPU
		{3AA0433E-1B64-4D5C-808F-B09C738A7144}.Debug|Any CPU.Build.0 = Debug|Any CPU
		{3AA0433E-1B64-4D5C-808F-B09C738A7144}.Release|Any CPU.ActiveCfg = Release|Any CPU
		{3AA0433E-1B64-4D5C-808F-B09C738A7144}.Release|Any CPU.Build.0 = Release|Any CPU
		{DB070A01-560F-4E83-854A-A1E4577A01A2}.Debug|Any CPU.ActiveCfg = Debug|Any CPU
		{DB070A01-560F-4E83-854A-A1E4577A01A2}.Debug|Any CPU.Build.0 = Debug|Any CPU
		{DB070A01-560F-4E83-854A-A1E4577A01A2}.Release|Any CPU.ActiveCfg = Release|Any CPU
		{DB070A01-560F-4E83-854A-A1E4577A01A2}.Release|Any CPU.Build.0 = Release|Any CPU
		{9812393D-B210-4B8B-A480-C1DF6F975BCC}.Debug|Any CPU.ActiveCfg = Debug|Any CPU
		{9812393D-B210-4B8B-A480-C1DF6F975BCC}.Debug|Any CPU.Build.0 = Debug|Any CPU
		{9812393D-B210-4B8B-A480-C1DF6F975BCC}.Release|Any CPU.ActiveCfg = Release|Any CPU
		{9812393D-B210-4B8B-A480-C1DF6F975BCC}.Release|Any CPU.Build.0 = Release|Any CPU
		{D1DECF68-CE4E-47DD-8C2F-27520FB86757}.Debug|Any CPU.ActiveCfg = Debug|Any CPU
		{D1DECF68-CE4E-47DD-8C2F-27520FB86757}.Debug|Any CPU.Build.0 = Debug|Any CPU
		{D1DECF68-CE4E-47DD-8C2F-27520FB86757}.Release|Any CPU.ActiveCfg = Release|Any CPU
		{D1DECF68-CE4E-47DD-8C2F-27520FB86757}.Release|Any CPU.Build.0 = Release|Any CPU
		{188CDEEA-01ED-490D-B41C-37B9F6936F85}.Debug|Any CPU.ActiveCfg = Debug|Any CPU
		{188CDEEA-01ED-490D-B41C-37B9F6936F85}.Debug|Any CPU.Build.0 = Debug|Any CPU
		{188CDEEA-01ED-490D-B41C-37B9F6936F85}.Release|Any CPU.ActiveCfg = Release|Any CPU
		{188CDEEA-01ED-490D-B41C-37B9F6936F85}.Release|Any CPU.Build.0 = Release|Any CPU
		{A54A8BF1-423C-4A5F-9184-17BFE809000E}.Debug|Any CPU.ActiveCfg = Debug|Any CPU
		{A54A8BF1-423C-4A5F-9184-17BFE809000E}.Debug|Any CPU.Build.0 = Debug|Any CPU
		{A54A8BF1-423C-4A5F-9184-17BFE809000E}.Release|Any CPU.ActiveCfg = Release|Any CPU
		{A54A8BF1-423C-4A5F-9184-17BFE809000E}.Release|Any CPU.Build.0 = Release|Any CPU
		{C33474E2-CB8F-4614-9BB4-A1DF49E96079}.Debug|Any CPU.ActiveCfg = Debug|Any CPU
		{C33474E2-CB8F-4614-9BB4-A1DF49E96079}.Debug|Any CPU.Build.0 = Debug|Any CPU
		{C33474E2-CB8F-4614-9BB4-A1DF49E96079}.Release|Any CPU.ActiveCfg = Release|Any CPU
		{C33474E2-CB8F-4614-9BB4-A1DF49E96079}.Release|Any CPU.Build.0 = Release|Any CPU
		{60E76314-7A28-4E7B-A62B-15E31A534BA6}.Debug|Any CPU.ActiveCfg = Debug|Any CPU
		{60E76314-7A28-4E7B-A62B-15E31A534BA6}.Debug|Any CPU.Build.0 = Debug|Any CPU
		{60E76314-7A28-4E7B-A62B-15E31A534BA6}.Release|Any CPU.ActiveCfg = Release|Any CPU
		{60E76314-7A28-4E7B-A62B-15E31A534BA6}.Release|Any CPU.Build.0 = Release|Any CPU
		{8C00055B-C73B-4B22-BC2A-E12ABD0C3BD6}.Debug|Any CPU.ActiveCfg = Debug|Any CPU
		{8C00055B-C73B-4B22-BC2A-E12ABD0C3BD6}.Debug|Any CPU.Build.0 = Debug|Any CPU
		{8C00055B-C73B-4B22-BC2A-E12ABD0C3BD6}.Release|Any CPU.ActiveCfg = Release|Any CPU
		{8C00055B-C73B-4B22-BC2A-E12ABD0C3BD6}.Release|Any CPU.Build.0 = Release|Any CPU
		{62CED7C9-A85C-4199-803F-68CD42E65093}.Debug|Any CPU.ActiveCfg = Debug|Any CPU
		{62CED7C9-A85C-4199-803F-68CD42E65093}.Debug|Any CPU.Build.0 = Debug|Any CPU
		{62CED7C9-A85C-4199-803F-68CD42E65093}.Release|Any CPU.ActiveCfg = Release|Any CPU
		{62CED7C9-A85C-4199-803F-68CD42E65093}.Release|Any CPU.Build.0 = Release|Any CPU
		{53F42B12-B940-4B60-A940-90938521F96F}.Debug|Any CPU.ActiveCfg = Debug|Any CPU
		{53F42B12-B940-4B60-A940-90938521F96F}.Debug|Any CPU.Build.0 = Debug|Any CPU
		{53F42B12-B940-4B60-A940-90938521F96F}.Release|Any CPU.ActiveCfg = Release|Any CPU
		{53F42B12-B940-4B60-A940-90938521F96F}.Release|Any CPU.Build.0 = Release|Any CPU
		{00EC8EA3-CB6E-4C19-9A2A-8269235D4309}.Debug|Any CPU.ActiveCfg = Debug|Any CPU
		{00EC8EA3-CB6E-4C19-9A2A-8269235D4309}.Debug|Any CPU.Build.0 = Debug|Any CPU
		{00EC8EA3-CB6E-4C19-9A2A-8269235D4309}.Release|Any CPU.ActiveCfg = Release|Any CPU
		{00EC8EA3-CB6E-4C19-9A2A-8269235D4309}.Release|Any CPU.Build.0 = Release|Any CPU
	EndGlobalSection
	GlobalSection(SolutionProperties) = preSolution
		HideSolutionNode = FALSE
	EndGlobalSection
	GlobalSection(NestedProjects) = preSolution
		{6E5473B4-36E1-4C21-959C-B027EC45C447} = {67898711-FBCD-4224-AE59-0CF5747F40F8}
		{C82AE333-D44A-437F-A736-109E855D64B4} = {7958B694-537F-4399-B3C1-07C908741373}
		{7958B694-537F-4399-B3C1-07C908741373} = {6E5473B4-36E1-4C21-959C-B027EC45C447}
		{B3FD0EAE-C669-4374-B932-D741D635BB68} = {6E5473B4-36E1-4C21-959C-B027EC45C447}
		{3AA0433E-1B64-4D5C-808F-B09C738A7144} = {B3FD0EAE-C669-4374-B932-D741D635BB68}
		{DB070A01-560F-4E83-854A-A1E4577A01A2} = {6E5473B4-36E1-4C21-959C-B027EC45C447}
		{9812393D-B210-4B8B-A480-C1DF6F975BCC} = {6E5473B4-36E1-4C21-959C-B027EC45C447}
		{2C9F9286-D772-4C4D-9637-4AE3EFBFF6A5} = {67898711-FBCD-4224-AE59-0CF5747F40F8}
		{D1DECF68-CE4E-47DD-8C2F-27520FB86757} = {2C9F9286-D772-4C4D-9637-4AE3EFBFF6A5}
		{188CDEEA-01ED-490D-B41C-37B9F6936F85} = {2C9F9286-D772-4C4D-9637-4AE3EFBFF6A5}
		{A54A8BF1-423C-4A5F-9184-17BFE809000E} = {2C9F9286-D772-4C4D-9637-4AE3EFBFF6A5}
		{C33474E2-CB8F-4614-9BB4-A1DF49E96079} = {2C9F9286-D772-4C4D-9637-4AE3EFBFF6A5}
		{8F35037A-6D90-4D60-890A-1E45E2F35893} = {67898711-FBCD-4224-AE59-0CF5747F40F8}
		{60E76314-7A28-4E7B-A62B-15E31A534BA6} = {8F35037A-6D90-4D60-890A-1E45E2F35893}
		{8C00055B-C73B-4B22-BC2A-E12ABD0C3BD6} = {8F35037A-6D90-4D60-890A-1E45E2F35893}
		{62CED7C9-A85C-4199-803F-68CD42E65093} = {8F35037A-6D90-4D60-890A-1E45E2F35893}
		{53F42B12-B940-4B60-A940-90938521F96F} = {8F35037A-6D90-4D60-890A-1E45E2F35893}
		{00EC8EA3-CB6E-4C19-9A2A-8269235D4309} = {8F35037A-6D90-4D60-890A-1E45E2F35893}
	EndGlobalSection
	GlobalSection(ExtensibilityGlobals) = postSolution
		SolutionGuid = {5058E9F3-9F41-49CC-A97F-1B77B581280A}
	EndGlobalSection
EndGlobal
